
Microsoft Visual Studio Solution File, Format Version 12.00
# Visual Studio Version 17
VisualStudioVersion = 17.1.32210.238
MinimumVisualStudioVersion = 10.0.40219.1
Project("{FAE04EC0-301F-11D3-BF4B-00C04F79EFBC}") = "AccountOperations", "AccountOperations\AccountOperations.csproj", "{ACE9F2F3-D680-4AA0-9C4A-EFDF10A3899D}"
EndProject
Global
	GlobalSection(SolutionConfigurationPlatforms) = preSolution
		Debug|Any CPU = Debug|Any CPU
		Release|Any CPU = Release|Any CPU
	EndGlobalSection
	GlobalSection(ProjectConfigurationPlatforms) = postSolution
		{ACE9F2F3-D680-4AA0-9C4A-EFDF10A3899D}.Debug|Any CPU.ActiveCfg = Debug|Any CPU
		{ACE9F2F3-D680-4AA0-9C4A-EFDF10A3899D}.Debug|Any CPU.Build.0 = Debug|Any CPU
		{ACE9F2F3-D680-4AA0-9C4A-EFDF10A3899D}.Release|Any CPU.ActiveCfg = Release|Any CPU
		{ACE9F2F3-D680-4AA0-9C4A-EFDF10A3899D}.Release|Any CPU.Build.0 = Release|Any CPU
	EndGlobalSection
	GlobalSection(SolutionProperties) = preSolution
		HideSolutionNode = FALSE
	EndGlobalSection
	GlobalSection(ExtensibilityGlobals) = postSolution
		SolutionGuid = {DAE6448F-9964-4771-8D24-A5D80CBABD1D}
	EndGlobalSection
EndGlobal
